
Microsoft Visual Studio Solution File, Format Version 12.00
# Visual Studio 15
Project("{FAE04EC0-301F-11D3-BF4B-00C04F79EFBC}") = "Assembly-CSharp-Editor", "Assembly-CSharp-Editor.csproj", "{642D64F6-DEC0-7C47-AA27-7792F0C28A33}"
EndProject
Project("{FAE04EC0-301F-11D3-BF4B-00C04F79EFBC}") = "Assembly-CSharp", "Assembly-CSharp.csproj", "{F65B623E-773A-56C4-FD22-DADC5E7B201F}"
EndProject
Global
	GlobalSection(SolutionConfigurationPlatforms) = preSolution
		Debug|Any CPU = Debug|Any CPU
		Release|Any CPU = Release|Any CPU
	EndGlobalSection
	GlobalSection(ProjectConfigurationPlatforms) = postSolution
		{642D64F6-DEC0-7C47-AA27-7792F0C28A33}.Debug|Any CPU.ActiveCfg = Debug|Any CPU
		{642D64F6-DEC0-7C47-AA27-7792F0C28A33}.Debug|Any CPU.Build.0 = Debug|Any CPU
		{642D64F6-DEC0-7C47-AA27-7792F0C28A33}.Release|Any CPU.ActiveCfg = Release|Any CPU
		{642D64F6-DEC0-7C47-AA27-7792F0C28A33}.Release|Any CPU.Build.0 = Release|Any CPU
		{F65B623E-773A-56C4-FD22-DADC5E7B201F}.Debug|Any CPU.ActiveCfg = Debug|Any CPU
		{F65B623E-773A-56C4-FD22-DADC5E7B201F}.Debug|Any CPU.Build.0 = Debug|Any CPU
		{F65B623E-773A-56C4-FD22-DADC5E7B201F}.Release|Any CPU.ActiveCfg = Release|Any CPU
		{F65B623E-773A-56C4-FD22-DADC5E7B201F}.Release|Any CPU.Build.0 = Release|Any CPU
	EndGlobalSection
	GlobalSection(SolutionProperties) = preSolution
		HideSolutionNode = FALSE
	EndGlobalSection
EndGlobal
